PODS:
  - IQKeyboardManagerSwift (6.5.2)
  - Macaw (0.9.5):
    - SWXMLHash
  - SCLAlertView (0.8)
  - SWXMLHash (5.0.1)

DEPENDENCIES:
  - IQKeyboardManagerSwift
  - Macaw (= 0.9.5)
  - SCLAlertView

SPEC REPOS:
  https://github.com/cocoapods/specs.git:
    - IQKeyboardManagerSwift
    - Macaw
    - SCLAlertView
    - SWXMLHash

SPEC CHECKSUMS:
  IQKeyboardManagerSwift: c75366f1f19590e8caeae45fcd5815c9289d6099
  Macaw: 10bf9e327cb75f24e3225d5229a80ed544df85f0
  SCLAlertView: 6a77bb2edfc65e04dbe57725546cb4107a506b85
  SWXMLHash: 9cc0c2e4807926c74377724aa8722ee5707a0485

PODFILE CHECKSUM: ab3b89ec42fb965cb5373634fbdbea5bc27a2e32

COCOAPODS: 1.7.5
