PODS:
  - MaterialComponents/AnimationTiming (88.2.0)
  - MaterialComponents/Buttons (88.2.0):
    - MaterialComponents/Elevation
    - MaterialComponents/Ink
    - MaterialComponents/private/Math
    - MaterialComponents/Ripple
    - MaterialComponents/ShadowElevations
    - MaterialComponents/ShadowLayer
    - MaterialComponents/Shapes
    - MaterialComponents/Typography
    - MDFInternationalization
    - MDFTextAccessibility
  - MaterialComponents/Elevation (88.2.0):
    - MaterialComponents/private/Color
    - MaterialComponents/private/Math
  - MaterialComponents/Ink (88.2.0):
    - MaterialComponents/private/Color
    - MaterialComponents/private/Math
  - MaterialComponents/private/Application (88.2.0)
  - MaterialComponents/private/Color (88.2.0)
  - MaterialComponents/private/Math (88.2.0)
  - MaterialComponents/Ripple (88.2.0):
    - MaterialComponents/AnimationTiming
    - MaterialComponents/private/Color
    - MaterialComponents/private/Math
  - MaterialComponents/ShadowElevations (88.2.0)
  - MaterialComponents/ShadowLayer (88.2.0):
    - MaterialComponents/ShadowElevations
  - MaterialComponents/Shapes (88.2.0):
    - MaterialComponents/private/Color
    - MaterialComponents/private/Math
    - MaterialComponents/ShadowLayer
  - MaterialComponents/Typography (88.2.0):
    - MaterialComponents/private/Application
    - MaterialComponents/private/Math
  - MDFInternationalization (2.0.0)
  - MDFTextAccessibility (2.0.0)
  - SCLAlertView (0.8)

DEPENDENCIES:
  - MaterialComponents/Buttons
  - SCLAlertView

SPEC REPOS:
  https://github.com/cocoapods/specs.git:
    - MaterialComponents
    - MDFInternationalization
    - MDFTextAccessibility
    - SCLAlertView

SPEC CHECKSUMS:
  MaterialComponents: 9c32944d05360aa1e096c3c6058c4c0f784a7bbe
  MDFInternationalization: 010097556d6b09d2c4ea38e0820ea6d37be6a314
  MDFTextAccessibility: 85c09a1bd9c321f494348e632a25063bcda35a53
  SCLAlertView: 6a77bb2edfc65e04dbe57725546cb4107a506b85

PODFILE CHECKSUM: 1f936cb6846964891213048750865382e2c32a77

COCOAPODS: 1.7.5
